Microsoft Visual Studio Solution File, Format Version 8.00
Project("{8BC9CEB8-8B4A-11D0-8D11-00A0C91BC942}") = "mds", "mds.vcproj", "{8A471BDB-942D-489B-8099-FACD0472ED7D}"
	ProjectSection(ProjectDependencies) = postProject
	EndProjectSection
EndProject
Global
	GlobalSection(SolutionConfiguration) = preSolution
		Debug = Debug
		Release = Release
	EndGlobalSection
	GlobalSection(ProjectConfiguration) = postSolution
		{8A471BDB-942D-489B-8099-FACD0472ED7D}.Debug.ActiveCfg = Debug|Win32
		{8A471BDB-942D-489B-8099-FACD0472ED7D}.Debug.Build.0 = Debug|Win32
		{8A471BDB-942D-489B-8099-FACD0472ED7D}.Release.ActiveCfg = Release|Win32
		{8A471BDB-942D-489B-8099-FACD0472ED7D}.Release.Build.0 = Release|Win32
	EndGlobalSection
	GlobalSection(ExtensibilityGlobals) = postSolution
	EndGlobalSection
	GlobalSection(ExtensibilityAddIns) = postSolution
	EndGlobalSection
EndGlobal
