Microsoft Visual Studio Solution File, Format Version 8.00
Project("{8BC9CEB8-8B4A-11D0-8D11-00A0C91BC942}") = "WinCommon", "WinCommon.vcproj", "{9C747320-55B0-45B4-8CA5-6141921FD408}"
	ProjectSection(ProjectDependencies) = postProject
	EndProjectSection
EndProject
Global
	GlobalSection(SolutionConfiguration) = preSolution
		Debug = Debug
		Release = Release
	EndGlobalSection
	GlobalSection(ProjectConfiguration) = postSolution
		{9C747320-55B0-45B4-8CA5-6141921FD408}.Debug.ActiveCfg = Debug|Win32
		{9C747320-55B0-45B4-8CA5-6141921FD408}.Debug.Build.0 = Debug|Win32
		{9C747320-55B0-45B4-8CA5-6141921FD408}.Release.ActiveCfg = Release|Win32
		{9C747320-55B0-45B4-8CA5-6141921FD408}.Release.Build.0 = Release|Win32
	EndGlobalSection
	GlobalSection(ExtensibilityGlobals) = postSolution
	EndGlobalSection
	GlobalSection(ExtensibilityAddIns) = postSolution
	EndGlobalSection
EndGlobal
